
Microsoft Visual Studio Solution File, Format Version 12.00
# Visual Studio Version 17
VisualStudioVersion = 17.0.31912.275
MinimumVisualStudioVersion = 10.0.40219.1
Project("{FAE04EC0-301F-11D3-BF4B-00C04F79EFBC}") = "Numbers", "Numbers.csproj", "{8DC55EF7-1B6E-4144-9A74-DC088B3E9E7A}"
EndProject
Global
	GlobalSection(SolutionConfigurationPlatforms) = preSolution
		Debug|Any CPU = Debug|Any CPU
		Release|Any CPU = Release|Any CPU
	EndGlobalSection
	GlobalSection(ProjectConfigurationPlatforms) = postSolution
		{8DC55EF7-1B6E-4144-9A74-DC088B3E9E7A}.Debug|Any CPU.ActiveCfg = Debug|Any CPU
		{8DC55EF7-1B6E-4144-9A74-DC088B3E9E7A}.Debug|Any CPU.Build.0 = Debug|Any CPU
		{8DC55EF7-1B6E-4144-9A74-DC088B3E9E7A}.Release|Any CPU.ActiveCfg = Release|Any CPU
		{8DC55EF7-1B6E-4144-9A74-DC088B3E9E7A}.Release|Any CPU.Build.0 = Release|Any CPU
	EndGlobalSection
	GlobalSection(SolutionProperties) = preSolution
		HideSolutionNode = FALSE
	EndGlobalSection
	GlobalSection(ExtensibilityGlobals) = postSolution
		SolutionGuid = {51786390-7B73-4A4B-90C8-176312893615}
	EndGlobalSection
EndGlobal
