
Microsoft Visual Studio Solution File, Format Version 12.00
# Visual Studio Version 17
VisualStudioVersion = 17.0.31912.275
MinimumVisualStudioVersion = 10.0.40219.1
Project("{FAE04EC0-301F-11D3-BF4B-00C04F79EFBC}") = "HelloCS", "HelloCS\HelloCS.csproj", "{D15CC6BF-3DD6-428A-AF3E-CE0093EB9C6D}"
EndProject
Project("{FAE04EC0-301F-11D3-BF4B-00C04F79EFBC}") = "TopLevelProgram", "TopLevelProgram\TopLevelProgram.csproj", "{0C52CC33-74F5-472B-AF31-4C54C7EE20CB}"
EndProject
Global
	GlobalSection(SolutionConfigurationPlatforms) = preSolution
		Debug|Any CPU = Debug|Any CPU
		Release|Any CPU = Release|Any CPU
	EndGlobalSection
	GlobalSection(ProjectConfigurationPlatforms) = postSolution
		{D15CC6BF-3DD6-428A-AF3E-CE0093EB9C6D}.Debug|Any CPU.ActiveCfg = Debug|Any CPU
		{D15CC6BF-3DD6-428A-AF3E-CE0093EB9C6D}.Debug|Any CPU.Build.0 = Debug|Any CPU
		{D15CC6BF-3DD6-428A-AF3E-CE0093EB9C6D}.Release|Any CPU.ActiveCfg = Release|Any CPU
		{D15CC6BF-3DD6-428A-AF3E-CE0093EB9C6D}.Release|Any CPU.Build.0 = Release|Any CPU
		{0C52CC33-74F5-472B-AF31-4C54C7EE20CB}.Debug|Any CPU.ActiveCfg = Debug|Any CPU
		{0C52CC33-74F5-472B-AF31-4C54C7EE20CB}.Debug|Any CPU.Build.0 = Debug|Any CPU
		{0C52CC33-74F5-472B-AF31-4C54C7EE20CB}.Release|Any CPU.ActiveCfg = Release|Any CPU
		{0C52CC33-74F5-472B-AF31-4C54C7EE20CB}.Release|Any CPU.Build.0 = Release|Any CPU
	EndGlobalSection
	GlobalSection(SolutionProperties) = preSolution
		HideSolutionNode = FALSE
	EndGlobalSection
	GlobalSection(ExtensibilityGlobals) = postSolution
		SolutionGuid = {6212F01E-2F85-4253-9DFA-D7AB16AC02B6}
	EndGlobalSection
EndGlobal
